github.com/gethugothemes/hugo-modules/components/cookie-consent v0.0.0-20221214071415-b4a6e25a0e68 h1:X7+Xsb4Tki0TCAAKnC4UgFJ58WbcbtODKfQVNncmd+U=
github.com/gethugothemes/hugo-modules/components/cookie-consent v0.0.0-20221214071415-b4a6e25a0e68/go.mod h1:sWzPbaJoZU+0ca82cv8xynDdCaFdr1WHMK1PTrK0EiM=
github.com/gethugothemes/hugo-modules/components/crisp-chat v0.0.0-20221214071415-b4a6e25a0e68 h1:bt0rjDzvI1SyGsO7S+k/B1rO2itcEv4nr/Y28YkKUW8=
github.com/gethugothemes/hugo-modules/components/crisp-chat v0.0.0-20221214071415-b4a6e25a0e68/go.mod h1:/L7x+khoD2wloSHE6aPw4Pa/70IWn6aLaSDYP10qasc=
github.com/gethugothemes/hugo-modules/components/preloader v0.0.0-20221214071415-b4a6e25a0e68 h1:teO/Gps6v+AMlLFQuFfuAlktZkIhS4fk26Rz+bJbX0s=
github.com/gethugothemes/hugo-modules/components/preloader v0.0.0-20221214071415-b4a6e25a0e68/go.mod h1:cge+6t2v+Z8CO/K94FwP7uMZoF+bzA0ctxaLh1WHrHc=
github.com/gethugothemes/hugo-modules/components/render-link v0.0.0-20221214071415-b4a6e25a0e68 h1:pVRkqnaslbGzGyPsCeIoS/CsQH829kpEDWFBO3OqLvM=
github.com/gethugothemes/hugo-modules/components/render-link v0.0.0-20221214071415-b4a6e25a0e68/go.mod h1:+TDlxJ8OIYePBAcGVJVBXjEtawfvXU6ulU8w4LEgyOI=
github.com/gethugothemes/hugo-modules/components/social-share v0.0.0-20221214071415-b4a6e25a0e68 h1:JvwaZYnq0AE8XQnt9QlaAnWly1Pq9hWqCC9MDF2M6wU=
github.com/gethugothemes/hugo-modules/components/social-share v0.0.0-20221214071415-b4a6e25a0e68/go.mod h1:v5oZkYiFVUGtOO2DLYLaKaKQ3wvoX9hhRqtKK2hfVHs=
github.com/gethugothemes/hugo-modules/components/valine-comment v0.0.0-20221214071415-b4a6e25a0e68 h1:7msFdtUaGfU8mXHC45ui22p325U4J9r7P9QjCRDTP9o=
github.com/gethugothemes/hugo-modules/components/valine-comment v0.0.0-20221214071415-b4a6e25a0e68/go.mod h1:q8rNqaMkS6gexC3UBzWgbzLoOPRCCsTH/RcpxRMR984=
github.com/gethugothemes/hugo-modules/gzip-caching v0.0.0-20221214071415-b4a6e25a0e68 h1:wiEu/PKw9MSIFtElahzsQozlylo2hkqRQN8cTeat/GI=
github.com/gethugothemes/hugo-modules/gzip-caching v0.0.0-20221214071415-b4a6e25a0e68/go.mod h1:L6OgQZzB2qmj5499M4XSAvUXKG/vo6Sgmyaosjsjj84=
github.com/gethugothemes/hugo-modules/icons/font-awesome v0.0.0-20221214071415-b4a6e25a0e68 h1:T66Y8fb2iA1vSmdKPeX5m6GbRWkJcZ2gQTtLoTaTvrM=
github.com/gethugothemes/hugo-modules/icons/font-awesome v0.0.0-20221214071415-b4a6e25a0e68/go.mod h1:6oWFTnmfHxtDU3t6Wj4d4lmvBg/cZLb1l5CpnfOiS0c=
github.com/gethugothemes/hugo-modules/images v0.0.0-20221214071415-b4a6e25a0e68 h1:MBK92NX9p2N+05phXHjM2ThltWYDuaLet5bIQCfE8a8=
github.com/gethugothemes/hugo-modules/images v0.0.0-20221214071415-b4a6e25a0e68/go.mod h1:kmJnNFAQo/bls1U8QpUD99FSB0ZqaiLI0NoxNIWBqg0=
github.com/gethugothemes/hugo-modules/pwa v0.0.0-20221214071415-b4a6e25a0e68 h1:pL+/fguB6fYTx3sfrEZLOfwX2+camPAGUV6zXl4hFfA=
github.com/gethugothemes/hugo-modules/pwa v0.0.0-20221214071415-b4a6e25a0e68/go.mod h1:Md7tUKcLT/eGRi4OTKpi3AxHxZJULdDFUL/VOAMZe24=
github.com/gethugothemes/hugo-modules/seo-tools/baidu-analytics v0.0.0-20221214071415-b4a6e25a0e68 h1:L4BeZYUuzDPTzHPGDQfDPhRZYQSkBGMCRWmXs2gbQdw=
github.com/gethugothemes/hugo-modules/seo-tools/baidu-analytics v0.0.0-20221214071415-b4a6e25a0e68/go.mod h1:5nK/nKxJjbLhiYwTAsDqcJM9TuXC/XYrs+kA2l3V78g=
github.com/gethugothemes/hugo-modules/seo-tools/basic-seo v0.0.0-20221214071415-b4a6e25a0e68 h1:Rih9Zem1xljMYV8xFHrx9gtsQ8jrH7tARQecIrHsY+Y=
github.com/gethugothemes/hugo-modules/seo-tools/basic-seo v0.0.0-20221214071415-b4a6e25a0e68/go.mod h1:1NoEXD4ibH6gAzyS4HwJqc6nXoQYUJBMpCfWdQzzm8A=
github.com/gethugothemes/hugo-modules/seo-tools/counter-analytics v0.0.0-20221214071415-b4a6e25a0e68 h1:PqbxRoz3vT9EixoevDN9JGUibEHi4+f2vhDi/BBirv8=
github.com/gethugothemes/hugo-modules/seo-tools/counter-analytics v0.0.0-20221214071415-b4a6e25a0e68/go.mod h1:iTvG1ZX6AuQnVS7w2egtzlYiCFHS8ydtNkiFSf2ah+Y=
github.com/gethugothemes/hugo-modules/seo-tools/google-tag-manager v0.0.0-20221214071415-b4a6e25a0e68 h1:AJKXOYzgbBEBiyOCBUWEsD/76SyctWevDA3cQLl/1r8=
github.com/gethugothemes/hugo-modules/seo-tools/google-tag-manager v0.0.0-20221214071415-b4a6e25a0e68/go.mod h1:zORKJDYM+W1S7BL3OD7vB/W3skoJzDude5wSS7xh7u4=
github.com/gethugothemes/hugo-modules/seo-tools/matomo-analytics v0.0.0-20221214071415-b4a6e25a0e68 h1:dICsx1gUNTEirbJvtXKXNe1uq0qBT6zxZYA8CJOIjc4=
github.com/gethugothemes/hugo-modules/seo-tools/matomo-analytics v0.0.0-20221214071415-b4a6e25a0e68/go.mod h1:CCx/ROCbZydd/KxGwIEp/BHLSpeG7QqS04gQv/jHIv4=
github.com/gethugothemes/hugo-modules/seo-tools/plausible-analytics v0.0.0-20221214071415-b4a6e25a0e68 h1:kNoEeJ6BqNIRVuAjYV9ZmBPH7iCojaCIUawIKVDqWPA=
github.com/gethugothemes/hugo-modules/seo-tools/plausible-analytics v0.0.0-20221214071415-b4a6e25a0e68/go.mod h1:Q/QQkcNHEAolYrtxZ8EFVCv8ah2CrHhQ3+mbPvGzmKg=
github.com/gethugothemes/hugo-modules/seo-tools/site-verifications v0.0.0-20221214071415-b4a6e25a0e68 h1:+SQiyxpvKoMI1qV4NWumWzitC+ZuVLxnzYiKnKEvvWs=
github.com/gethugothemes/hugo-modules/seo-tools/site-verifications v0.0.0-20221214071415-b4a6e25a0e68/go.mod h1:tHubpePaBJfKBbNA4TVluIFU6a8XnnR+PaTScpfZE2w=
github.com/gethugothemes/hugo-modules/shortcodes/buttons v0.0.0-20221214071415-b4a6e25a0e68 h1:A6/qcUnVhVk6lV1fRiYRAj69szjyUGq5P/gTrzcCXxY=
github.com/gethugothemes/hugo-modules/shortcodes/buttons v0.0.0-20221214071415-b4a6e25a0e68/go.mod h1:4KE94YGEyfAHgYJKmQhHVm4U6zF8udSNr0AyeAU1oCU=
github.com/gethugothemes/hugo-modules/shortcodes/codepen v0.0.0-20221214071415-b4a6e25a0e68 h1:v4CC55pIDa86lyeSMgqp40GGfl16PxtW61WOe6FO3TI=
github.com/gethugothemes/hugo-modules/shortcodes/codepen v0.0.0-20221214071415-b4a6e25a0e68/go.mod h1:sxfCbmKAcHTpApzOji672pLZ41YXy/Piy/L/rK5RnkI=
github.com/gethugothemes/hugo-modules/shortcodes/collapse v0.0.0-20221214071415-b4a6e25a0e68 h1:DaGTRIhh9rGvKfcTz8krw1YEzezCszykIKEgRH6sbsE=
github.com/gethugothemes/hugo-modules/shortcodes/collapse v0.0.0-20221214071415-b4a6e25a0e68/go.mod h1:9Bq8rrzsHP0H4cnlGh9Jgx+Y+iof1+7CWK/a3nImHCc=
github.com/gethugothemes/hugo-modules/shortcodes/gallery v0.0.0-20221214071415-b4a6e25a0e68 h1:EIDErN78qLG5FrwpWhBPXyG/4VC0KqpuUiWlUY5Ko94=
github.com/gethugothemes/hugo-modules/shortcodes/gallery v0.0.0-20221214071415-b4a6e25a0e68/go.mod h1:0IiyZojIP4jdCJjnFT7gAmPGzl/ZrAEN5fgZ1wcaWX4=
github.com/gethugothemes/hugo-modules/shortcodes/image v0.0.0-20221214071415-b4a6e25a0e68 h1:4vHZiDZZCVxLk5vTcW1AVY4FPyVKl24fWYDcjE4ZyC0=
github.com/gethugothemes/hugo-modules/shortcodes/image v0.0.0-20221214071415-b4a6e25a0e68/go.mod h1:HQLF/WH52nSjSIo3DeztUZ+wLj+UlgeR2dwgtE2EqUg=
github.com/gethugothemes/hugo-modules/shortcodes/notice v0.0.0-20221214071415-b4a6e25a0e68 h1:foZDUdQv7xgUnqtFumEr/z9TjODaek9nyS/X8Hfk7sU=
github.com/gethugothemes/hugo-modules/shortcodes/notice v0.0.0-20221214071415-b4a6e25a0e68/go.mod h1:n2yAJO6bRpUQ1KDyTZhYeL+0p18gslzqFaDjzDxUeyk=
github.com/gethugothemes/hugo-modules/shortcodes/table-of-contents v0.0.0-20221214071415-b4a6e25a0e68 h1:0v+aAz0b9IBgGuRANJVKQ5GDrlLDmW75SYgnxnJ/M3c=
github.com/gethugothemes/hugo-modules/shortcodes/table-of-contents v0.0.0-20221214071415-b4a6e25a0e68/go.mod h1:E23tqmkeXRMR8IU8hTpG2oPM23MqV2FvCMcR1Xhg7nk=
github.com/gethugothemes/hugo-modules/shortcodes/tabs v0.0.0-20221214071415-b4a6e25a0e68 h1:vYyv/Sy7S2GIamZBjbZ3lmZu4Lv18FmnoRuATgPXRbY=
github.com/gethugothemes/hugo-modules/shortcodes/tabs v0.0.0-20221214071415-b4a6e25a0e68/go.mod h1:1GbDNUufvDpQkk91HLfNsY041+1Y8q64ZJRNwreUhzY=
github.com/gethugothemes/hugo-modules/shortcodes/video v0.0.0-20221214071415-b4a6e25a0e68 h1:GdUbCVidf0X7kK6YtQoKE5cQVCpLKBk3DmDaO3lghLk=
github.com/gethugothemes/hugo-modules/shortcodes/video v0.0.0-20221214071415-b4a6e25a0e68/go.mod h1:0CCU/WXfZEL5d9P/ygxCwIBoFk3O2eNf3g8KlX/2oBw=
github.com/gethugothemes/hugo-modules/shortcodes/vimeo-lite v0.0.0-20221214071415-b4a6e25a0e68 h1:QVpXKixz4Q8B/1lE27eCz8omMM0+pV8wfevO6daaUzE=
github.com/gethugothemes/hugo-modules/shortcodes/vimeo-lite v0.0.0-20221214071415-b4a6e25a0e68/go.mod h1:wwR/HpUs1unDwSpnBKqhjEj69zfkaSRXOYX+aDdyMzA=
github.com/gethugothemes/hugo-modules/shortcodes/youtube-lite v0.0.0-20221214071415-b4a6e25a0e68 h1:qjm7QzjwhNIpSOgWe4bUHlnybfJmR+BGLJDCVPRPR1w=
github.com/gethugothemes/hugo-modules/shortcodes/youtube-lite v0.0.0-20221214071415-b4a6e25a0e68/go.mod h1:PPyKn2XwfX8A8jt8J24w6XpTOFpsiDk6kz7/HfsF+Jc=
github.com/gohugoio/hugo-mod-bootstrap-scss/v5 v5.20200.20100 h1:YfBUWb8p0QBkMjabA6bFhhzwbz37SBVW7b7OUCFgZUE=
github.com/gohugoio/hugo-mod-bootstrap-scss/v5 v5.20200.20100/go.mod h1:Z5Bhe4pfn8reoHhWqCQMWEAynLCIeBAt1TDwni4fipM=
github.com/gohugoio/hugo-mod-jslibs-dist/popperjs/v2 v2.21100.20000/go.mod h1:mFberT6ZtcchrsDtfvJM7aAH2bDKLdOnruUHl0hlapI=
github.com/twbs/bootstrap v5.2.1+incompatible/go.mod h1:fZTSrkpSf0/HkL0IIJzvVspTt1r9zuf7XlZau8kpcY0=
