github.com/gethugothemes/hugo-modules/components/cookie-consent v0.0.0-20220520053131-d99d4624c934 h1:RbXYfNuJugb+jTD3+HU+Kcv6qXWqPT/jhDm5AOtbca8=
github.com/gethugothemes/hugo-modules/components/cookie-consent v0.0.0-20220520053131-d99d4624c934/go.mod h1:sWzPbaJoZU+0ca82cv8xynDdCaFdr1WHMK1PTrK0EiM=
github.com/gethugothemes/hugo-modules/components/crisp-chat v0.0.0-20220520053131-d99d4624c934 h1:yQwSjBeRc4T2PTV4qYTg9wpKQfFPXE+9dnOe2+XAPmQ=
github.com/gethugothemes/hugo-modules/components/crisp-chat v0.0.0-20220520053131-d99d4624c934/go.mod h1:/L7x+khoD2wloSHE6aPw4Pa/70IWn6aLaSDYP10qasc=
github.com/gethugothemes/hugo-modules/components/preloader v0.0.0-20220520053131-d99d4624c934 h1:d0Lpm4QhlSBP/4MykvLYwh/oRRIIqMmOQa+qFDv5Khc=
github.com/gethugothemes/hugo-modules/components/preloader v0.0.0-20220520053131-d99d4624c934/go.mod h1:cge+6t2v+Z8CO/K94FwP7uMZoF+bzA0ctxaLh1WHrHc=
github.com/gethugothemes/hugo-modules/components/render-link v0.0.0-20220520053131-d99d4624c934 h1:/W+5pndtVocQ4Ij81mGn5fVZnDOomslQw3/MHSRy+/0=
github.com/gethugothemes/hugo-modules/components/render-link v0.0.0-20220520053131-d99d4624c934/go.mod h1:+TDlxJ8OIYePBAcGVJVBXjEtawfvXU6ulU8w4LEgyOI=
github.com/gethugothemes/hugo-modules/components/social-share v0.0.0-20220520053131-d99d4624c934 h1:abbg+P+FO3QNJRU9N+IwWkkcBWGNLAtE/dOC4MB5xMU=
github.com/gethugothemes/hugo-modules/components/social-share v0.0.0-20220520053131-d99d4624c934/go.mod h1:v5oZkYiFVUGtOO2DLYLaKaKQ3wvoX9hhRqtKK2hfVHs=
github.com/gethugothemes/hugo-modules/components/valine-comment v0.0.0-20220520053131-d99d4624c934 h1:q/IGQaaHNcGM1WxhsyNOjaDNGS9MFdXdB1pjStli+Sg=
github.com/gethugothemes/hugo-modules/components/valine-comment v0.0.0-20220520053131-d99d4624c934/go.mod h1:q8rNqaMkS6gexC3UBzWgbzLoOPRCCsTH/RcpxRMR984=
github.com/gethugothemes/hugo-modules/gzip-caching v0.0.0-20220520053131-d99d4624c934 h1:ngTwYPwl/XRI2Dc5u+JQxcmN44SZjGVoP4pKVVYeabg=
github.com/gethugothemes/hugo-modules/gzip-caching v0.0.0-20220520053131-d99d4624c934/go.mod h1:L6OgQZzB2qmj5499M4XSAvUXKG/vo6Sgmyaosjsjj84=
github.com/gethugothemes/hugo-modules/icons/font-awesome v0.0.0-20220520053131-d99d4624c934 h1:p0+mI3tmioy7Mqis2CYG4YXu1wEWTtsspEL95e6Tc5g=
github.com/gethugothemes/hugo-modules/icons/font-awesome v0.0.0-20220520053131-d99d4624c934/go.mod h1:6oWFTnmfHxtDU3t6Wj4d4lmvBg/cZLb1l5CpnfOiS0c=
github.com/gethugothemes/hugo-modules/images v0.0.0-20220520053131-d99d4624c934 h1:X+eq8xF81kv1/FU2OYqF3ZcMb1CqdtbEbd7qdNarqUU=
github.com/gethugothemes/hugo-modules/images v0.0.0-20220520053131-d99d4624c934/go.mod h1:kmJnNFAQo/bls1U8QpUD99FSB0ZqaiLI0NoxNIWBqg0=
github.com/gethugothemes/hugo-modules/pwa v0.0.0-20220520053131-d99d4624c934 h1:oAu4xoHWYIonRerqd+ku+Xg6ax94MwV7IS8M6PPUiY0=
github.com/gethugothemes/hugo-modules/pwa v0.0.0-20220520053131-d99d4624c934/go.mod h1:Md7tUKcLT/eGRi4OTKpi3AxHxZJULdDFUL/VOAMZe24=
github.com/gethugothemes/hugo-modules/seo-tools/baidu-analytics v0.0.0-20220520053131-d99d4624c934 h1:b6SNSUjey8GV4rvvY+NbUi9ipOv3gaQtTCKXHuX6SzE=
github.com/gethugothemes/hugo-modules/seo-tools/baidu-analytics v0.0.0-20220520053131-d99d4624c934/go.mod h1:5nK/nKxJjbLhiYwTAsDqcJM9TuXC/XYrs+kA2l3V78g=
github.com/gethugothemes/hugo-modules/seo-tools/basic-seo v0.0.0-20220520053131-d99d4624c934 h1:rJ6m9CnOiaJ/eYyDklKwJYW1IZKZo/jxqlR5lzencv0=
github.com/gethugothemes/hugo-modules/seo-tools/basic-seo v0.0.0-20220520053131-d99d4624c934/go.mod h1:1NoEXD4ibH6gAzyS4HwJqc6nXoQYUJBMpCfWdQzzm8A=
github.com/gethugothemes/hugo-modules/seo-tools/counter-analytics v0.0.0-20220520053131-d99d4624c934 h1:f1vkAUOyTqz3Dw5+kAAYlFlQ2iXgSIjR8m1fAM9PoRg=
github.com/gethugothemes/hugo-modules/seo-tools/counter-analytics v0.0.0-20220520053131-d99d4624c934/go.mod h1:iTvG1ZX6AuQnVS7w2egtzlYiCFHS8ydtNkiFSf2ah+Y=
github.com/gethugothemes/hugo-modules/seo-tools/google-tag-manager v0.0.0-20220520053131-d99d4624c934 h1:LBk8K2zr5GNHAftcezrPgno+F4HxzizpVH0rmBTIjoY=
github.com/gethugothemes/hugo-modules/seo-tools/google-tag-manager v0.0.0-20220520053131-d99d4624c934/go.mod h1:zORKJDYM+W1S7BL3OD7vB/W3skoJzDude5wSS7xh7u4=
github.com/gethugothemes/hugo-modules/seo-tools/matomo-analytics v0.0.0-20220520053131-d99d4624c934 h1:TSl24rk3gXR37ZjLo5bC0pxPG8mGOVGh8FWEvZK2INE=
github.com/gethugothemes/hugo-modules/seo-tools/matomo-analytics v0.0.0-20220520053131-d99d4624c934/go.mod h1:CCx/ROCbZydd/KxGwIEp/BHLSpeG7QqS04gQv/jHIv4=
github.com/gethugothemes/hugo-modules/seo-tools/plausible-analytics v0.0.0-20220520053131-d99d4624c934 h1:INpSlWqqsQUUAsCemfLTvy8xU1bmH1sv6SvDWt0VNMw=
github.com/gethugothemes/hugo-modules/seo-tools/plausible-analytics v0.0.0-20220520053131-d99d4624c934/go.mod h1:Q/QQkcNHEAolYrtxZ8EFVCv8ah2CrHhQ3+mbPvGzmKg=
github.com/gethugothemes/hugo-modules/seo-tools/site-verifications v0.0.0-20220520053131-d99d4624c934 h1:1oxF3hK9cuaPiRzp2GCLiWU7p6NNO/seFM+VEJcSzBQ=
github.com/gethugothemes/hugo-modules/seo-tools/site-verifications v0.0.0-20220520053131-d99d4624c934/go.mod h1:tHubpePaBJfKBbNA4TVluIFU6a8XnnR+PaTScpfZE2w=
github.com/gethugothemes/hugo-modules/shortcodes/buttons v0.0.0-20220520053131-d99d4624c934 h1:3iSMCO0/d2zj9nuiKE6Ap45upOQJU2X4+yOU7RP4hqc=
github.com/gethugothemes/hugo-modules/shortcodes/buttons v0.0.0-20220520053131-d99d4624c934/go.mod h1:4KE94YGEyfAHgYJKmQhHVm4U6zF8udSNr0AyeAU1oCU=
github.com/gethugothemes/hugo-modules/shortcodes/codepen v0.0.0-20220520053131-d99d4624c934 h1:V6KLhfTNG4OpYH6KrsEFlN84gR//nJTxlZYuXXsOSrQ=
github.com/gethugothemes/hugo-modules/shortcodes/codepen v0.0.0-20220520053131-d99d4624c934/go.mod h1:sxfCbmKAcHTpApzOji672pLZ41YXy/Piy/L/rK5RnkI=
github.com/gethugothemes/hugo-modules/shortcodes/collapse v0.0.0-20220520053131-d99d4624c934 h1:a9em5CWmiyJu8pLIo1xhJ/aoij7LLtQDTZ2d2yaMzBg=
github.com/gethugothemes/hugo-modules/shortcodes/collapse v0.0.0-20220520053131-d99d4624c934/go.mod h1:9Bq8rrzsHP0H4cnlGh9Jgx+Y+iof1+7CWK/a3nImHCc=
github.com/gethugothemes/hugo-modules/shortcodes/gallery v0.0.0-20220520053131-d99d4624c934 h1:JMWIDbTSIBZA01lr1Msjj8nb6Bg01PL811+YYIiHHbU=
github.com/gethugothemes/hugo-modules/shortcodes/gallery v0.0.0-20220520053131-d99d4624c934/go.mod h1:0IiyZojIP4jdCJjnFT7gAmPGzl/ZrAEN5fgZ1wcaWX4=
github.com/gethugothemes/hugo-modules/shortcodes/image v0.0.0-20220520053131-d99d4624c934 h1:rQqgeHPDEAp6k1/Z0ntIVwmfZWepODHcxFlSPOUT46c=
github.com/gethugothemes/hugo-modules/shortcodes/image v0.0.0-20220520053131-d99d4624c934/go.mod h1:HQLF/WH52nSjSIo3DeztUZ+wLj+UlgeR2dwgtE2EqUg=
github.com/gethugothemes/hugo-modules/shortcodes/notice v0.0.0-20220520053131-d99d4624c934 h1:7af4ekWcHupnECdD6sClHJ6ByZBtmzD0yUsE3qPng7U=
github.com/gethugothemes/hugo-modules/shortcodes/notice v0.0.0-20220520053131-d99d4624c934/go.mod h1:n2yAJO6bRpUQ1KDyTZhYeL+0p18gslzqFaDjzDxUeyk=
github.com/gethugothemes/hugo-modules/shortcodes/table-of-contents v0.0.0-20220520053131-d99d4624c934 h1:THbpxAdcRMia7AlbhXS0yE+DB6bArYLnPG1jvwMm4Rs=
github.com/gethugothemes/hugo-modules/shortcodes/table-of-contents v0.0.0-20220520053131-d99d4624c934/go.mod h1:E23tqmkeXRMR8IU8hTpG2oPM23MqV2FvCMcR1Xhg7nk=
github.com/gethugothemes/hugo-modules/shortcodes/tabs v0.0.0-20220520053131-d99d4624c934 h1:uDMExs+9h8U8n2lbiieTX1GLEnO5R1FoY2+QEH8fNnM=
github.com/gethugothemes/hugo-modules/shortcodes/tabs v0.0.0-20220520053131-d99d4624c934/go.mod h1:1GbDNUufvDpQkk91HLfNsY041+1Y8q64ZJRNwreUhzY=
github.com/gethugothemes/hugo-modules/shortcodes/video v0.0.0-20220520053131-d99d4624c934 h1:PgYNvc3Fwy4/ooroYvc2nlhOg0akxFsGZhUxuhj7B38=
github.com/gethugothemes/hugo-modules/shortcodes/video v0.0.0-20220520053131-d99d4624c934/go.mod h1:0CCU/WXfZEL5d9P/ygxCwIBoFk3O2eNf3g8KlX/2oBw=
github.com/gethugothemes/hugo-modules/shortcodes/vimeo-lite v0.0.0-20220520053131-d99d4624c934 h1:cNU8ngfuGgKHJbQCV0yJlB3A3VEoCkVN8UHsE0g4vsE=
github.com/gethugothemes/hugo-modules/shortcodes/vimeo-lite v0.0.0-20220520053131-d99d4624c934/go.mod h1:wwR/HpUs1unDwSpnBKqhjEj69zfkaSRXOYX+aDdyMzA=
github.com/gethugothemes/hugo-modules/shortcodes/youtube-lite v0.0.0-20220520053131-d99d4624c934 h1:sVBo9CesOregHOoeYwhUjV9slWRAOjGiErvGJq+jh4w=
github.com/gethugothemes/hugo-modules/shortcodes/youtube-lite v0.0.0-20220520053131-d99d4624c934/go.mod h1:PPyKn2XwfX8A8jt8J24w6XpTOFpsiDk6kz7/HfsF+Jc=
github.com/gohugoio/hugo-mod-bootstrap-scss/v5 v5.20101.20300 h1:1Xe5fPOjFpMakBfsXKzzKtdu/sfqoM0o7JuSp2l1RiU=
github.com/gohugoio/hugo-mod-bootstrap-scss/v5 v5.20101.20300/go.mod h1:/FiWjAJyOiVrC2vDur97ogmWIaBB+YS6jH7nf6cm+3E=
github.com/gohugoio/hugo-mod-jslibs-dist/popperjs/v2 v2.21100.20000/go.mod h1:mFberT6ZtcchrsDtfvJM7aAH2bDKLdOnruUHl0hlapI=
github.com/twbs/bootstrap v5.1.3+incompatible/go.mod h1:fZTSrkpSf0/HkL0IIJzvVspTt1r9zuf7XlZau8kpcY0=
